
Microsoft Visual Studio Solution File, Format Version 12.00
# Visual Studio 2015
Project("{FAE04EC0-301F-11D3-BF4B-00C04F79EFBC}") = "Leap Motion.CSharp", "Leap Motion.CSharp.csproj", "{130E6691-2578-37C4-472A-6470F0CEBFC5}"
EndProject
Project("{FAE04EC0-301F-11D3-BF4B-00C04F79EFBC}") = "Leap Motion.CSharp.Editor", "Leap Motion.CSharp.Editor.csproj", "{0E1F4952-BA1F-3A9F-F12C-98DFEFF39484}"
EndProject
Global
	GlobalSection(SolutionConfigurationPlatforms) = preSolution
		Debug|Any CPU = Debug|Any CPU
		Release|Any CPU = Release|Any CPU
	EndGlobalSection
	GlobalSection(ProjectConfigurationPlatforms) = postSolution
		{130E6691-2578-37C4-472A-6470F0CEBFC5}.Debug|Any CPU.ActiveCfg = Debug|Any CPU
		{130E6691-2578-37C4-472A-6470F0CEBFC5}.Debug|Any CPU.Build.0 = Debug|Any CPU
		{130E6691-2578-37C4-472A-6470F0CEBFC5}.Release|Any CPU.ActiveCfg = Release|Any CPU
		{130E6691-2578-37C4-472A-6470F0CEBFC5}.Release|Any CPU.Build.0 = Release|Any CPU
		{0E1F4952-BA1F-3A9F-F12C-98DFEFF39484}.Debug|Any CPU.ActiveCfg = Debug|Any CPU
		{0E1F4952-BA1F-3A9F-F12C-98DFEFF39484}.Debug|Any CPU.Build.0 = Debug|Any CPU
		{0E1F4952-BA1F-3A9F-F12C-98DFEFF39484}.Release|Any CPU.ActiveCfg = Release|Any CPU
		{0E1F4952-BA1F-3A9F-F12C-98DFEFF39484}.Release|Any CPU.Build.0 = Release|Any CPU
	EndGlobalSection
	GlobalSection(SolutionProperties) = preSolution
		HideSolutionNode = FALSE
	EndGlobalSection
EndGlobal
